// !$*UTF8*$!
{
	archiveVersion = 1;
	classes = {
	};
	objectVersion = 56;
	objects = {

/* Begin PBXBuildFile section */
		727A47D32C51B88A00D41AC7 /* CalculateMe_App.swift in Sources */ = {isa = PBXBuildFile; fileRef = 727A47D22C51B88A00D41AC7 /* CalculateMe_App.swift */; };
		727A47D52C51B88A00D41AC7 /* ContentView.swift in Sources */ = {isa = PBXBuildFile; fileRef = 727A47D42C51B88A00D41AC7 /* ContentView.swift */; };
		727A47D72C51B88B00D41AC7 /* Assets.xcassets in Resources */ = {isa = PBXBuildFile; fileRef = 727A47D62C51B88B00D41AC7 /* Assets.xcassets */; };
		727A47DA2C51B88B00D41AC7 /* Preview Assets.xcassets in Resources */ = {isa = PBXBuildFile; fileRef = 727A47D92C51B88B00D41AC7 /* Preview Assets.xcassets */; };
		727A47E12C51CEEE00D41AC7 /* FirstRowView.swift in Sources */ = {isa = PBXBuildFile; fileRef = 727A47E02C51CEEE00D41AC7 /* FirstRowView.swift */; };
		727A47E32C51CEF300D41AC7 /* SecondRowView.swift in Sources */ = {isa = PBXBuildFile; fileRef = 727A47E22C51CEF300D41AC7 /* SecondRowView.swift */; };
		727A47E52C51CEFA00D41AC7 /* ThirdRowView.swift in Sources */ = {isa = PBXBuildFile; fileRef = 727A47E42C51CEFA00D41AC7 /* ThirdRowView.swift */; };
		727A47E72C51CF0000D41AC7 /* FourthRowView.swift in Sources */ = {isa = PBXBuildFile; fileRef = 727A47E62C51CF0000D41AC7 /* FourthRowView.swift */; };
		727A47E92C51CF0400D41AC7 /* FifthRowView.swift in Sources */ = {isa = PBXBuildFile; fileRef = 727A47E82C51CF0400D41AC7 /* FifthRowView.swift */; };
/* End PBXBuildFile section */

/* Begin PBXFileReference section */
		727A47CF2C51B88A00D41AC7 /* CalculateMe!.app */ = {isa = PBXFileReference; explicitFileType = wrapper.application; includeInIndex = 0; path = "CalculateMe!.app"; sourceTree = BUILT_PRODUCTS_DIR; };
		727A47D22C51B88A00D41AC7 /* CalculateMe_App.swift */ = {isa = PBXFileReference; lastKnownFileType = sourcecode.swift; path = CalculateMe_App.swift; sourceTree = "<group>"; };
		727A47D42C51B88A00D41AC7 /* ContentView.swift */ = {isa = PBXFileReference; lastKnownFileType = sourcecode.swift; path = ContentView.swift; sourceTree = "<group>"; };
		727A47D62C51B88B00D41AC7 /* Assets.xcassets */ = {isa = PBXFileReference; lastKnownFileType = folder.assetcatalog; path = Assets.xcassets; sourceTree = "<group>"; };
		727A47D92C51B88B00D41AC7 /* Preview Assets.xcassets */ = {isa = PBXFileReference; lastKnownFileType = folder.assetcatalog; path = "Preview Assets.xcassets"; sourceTree = "<group>"; };
		727A47E02C51CEEE00D41AC7 /* FirstRowView.swift */ = {isa = PBXFileReference; lastKnownFileType = sourcecode.swift; path = FirstRowView.swift; sourceTree = "<group>"; };
		727A47E22C51CEF300D41AC7 /* SecondRowView.swift */ = {isa = PBXFileReference; lastKnownFileType = sourcecode.swift; path = SecondRowView.swift; sourceTree = "<group>"; };
		727A47E42C51CEFA00D41AC7 /* ThirdRowView.swift */ = {isa = PBXFileReference; lastKnownFileType = sourcecode.swift; path = ThirdRowView.swift; sourceTree = "<group>"; };
		727A47E62C51CF0000D41AC7 /* FourthRowView.swift */ = {isa = PBXFileReference; lastKnownFileType = sourcecode.swift; path = FourthRowView.swift; sourceTree = "<group>"; };
		727A47E82C51CF0400D41AC7 /* FifthRowView.swift */ = {isa = PBXFileReference; lastKnownFileType = sourcecode.swift; path = FifthRowView.swift; sourceTree = "<group>"; };
/* End PBXFileReference section */

/* Begin PBXFrameworksBuildPhase section */
		727A47CC2C51B88A00D41AC7 /* Frameworks */ = {
			isa = PBXFrameworksBuildPhase;
			buildActionMask = 2147483647;
			files = (
			);
			runOnlyForDeploymentPostprocessing = 0;
		};
/* End PBXFrameworksBuildPhase section */

/* Begin PBXGroup section */
		727A47C62C51B88A00D41AC7 = {
			isa = PBXGroup;
			children = (
				727A47D12C51B88A00D41AC7 /* CalculateMe! */,
				727A47D02C51B88A00D41AC7 /* Products */,
			);
			sourceTree = "<group>";
		};
		727A47D02C51B88A00D41AC7 /* Products */ = {
			isa = PBXGroup;
			children = (
				727A47CF2C51B88A00D41AC7 /* CalculateMe!.app */,
			);
			name = Products;
			sourceTree = "<group>";
		};
		727A47D12C51B88A00D41AC7 /* CalculateMe! */ = {
			isa = PBXGroup;
			children = (
				727A47D22C51B88A00D41AC7 /* CalculateMe_App.swift */,
				727A47D42C51B88A00D41AC7 /* ContentView.swift */,
				727A47EC2C56B83F00D41AC7 /* Rows */,
				727A47D62C51B88B00D41AC7 /* Assets.xcassets */,
				727A47D82C51B88B00D41AC7 /* Preview Content */,
			);
			path = "CalculateMe!";
			sourceTree = "<group>";
		};
		727A47D82C51B88B00D41AC7 /* Preview Content */ = {
			isa = PBXGroup;
			children = (
				727A47D92C51B88B00D41AC7 /* Preview Assets.xcassets */,
			);
			path = "Preview Content";
			sourceTree = "<group>";
		};
		727A47EC2C56B83F00D41AC7 /* Rows */ = {
			isa = PBXGroup;
			children = (
				727A47E02C51CEEE00D41AC7 /* FirstRowView.swift */,
				727A47E22C51CEF300D41AC7 /* SecondRowView.swift */,
				727A47E42C51CEFA00D41AC7 /* ThirdRowView.swift */,
				727A47E62C51CF0000D41AC7 /* FourthRowView.swift */,
				727A47E82C51CF0400D41AC7 /* FifthRowView.swift */,
			);
			path = Rows;
			sourceTree = "<group>";
		};
/* End PBXGroup section */

/* Begin PBXNativeTarget section */
		727A47CE2C51B88A00D41AC7 /* CalculateMe! */ = {
			isa = PBXNativeTarget;
			buildConfigurationList = 727A47DD2C51B88B00D41AC7 /* Build configuration list for PBXNativeTarget "CalculateMe!" */;
			buildPhases = (
				727A47CB2C51B88A00D41AC7 /* Sources */,
				727A47CC2C51B88A00D41AC7 /* Frameworks */,
				727A47CD2C51B88A00D41AC7 /* Resources */,
			);
			buildRules = (
			);
			dependencies = (
			);
			name = "CalculateMe!";
			productName = "CalculateMe!";
			productReference = 727A47CF2C51B88A00D41AC7 /* CalculateMe!.app */;
			productType = "com.apple.product-type.application";
		};
/* End PBXNativeTarget section */

/* Begin PBXProject section */
		727A47C72C51B88A00D41AC7 /* Project object */ = {
			isa = PBXProject;
			attributes = {
				BuildIndependentTargetsInParallel = 1;
				LastSwiftUpdateCheck = 1540;
				LastUpgradeCheck = 1540;
				TargetAttributes = {
					727A47CE2C51B88A00D41AC7 = {
						CreatedOnToolsVersion = 15.4;
					};
				};
			};
			buildConfigurationList = 727A47CA2C51B88A00D41AC7 /* Build configuration list for PBXProject "CalculateMe!" */;
			compatibilityVersion = "Xcode 14.0";
			developmentRegion = en;
			hasScannedForEncodings = 0;
			knownRegions = (
				en,
				Base,
			);
			mainGroup = 727A47C62C51B88A00D41AC7;
			productRefGroup = 727A47D02C51B88A00D41AC7 /* Products */;
			projectDirPath = "";
			projectRoot = "";
			targets = (
				727A47CE2C51B88A00D41AC7 /* CalculateMe! */,
			);
		};
/* End PBXProject section */

/* Begin PBXResourcesBuildPhase section */
		727A47CD2C51B88A00D41AC7 /* Resources */ = {
			isa = PBXResourcesBuildPhase;
			buildActionMask = 2147483647;
			files = (
				727A47DA2C51B88B00D41AC7 /* Preview Assets.xcassets in Resources */,
				727A47D72C51B88B00D41AC7 /* Assets.xcassets in Resources */,
			);
			runOnlyForDeploymentPostprocessing = 0;
		};
/* End PBXResourcesBuildPhase section */

/* Begin PBXSourcesBuildPhase section */
		727A47CB2C51B88A00D41AC7 /* Sources */ = {
			isa = PBXSourcesBuildPhase;
			buildActionMask = 2147483647;
			files = (
				727A47E12C51CEEE00D41AC7 /* FirstRowView.swift in Sources */,
				727A47E72C51CF0000D41AC7 /* FourthRowView.swift in Sources */,
				727A47E52C51CEFA00D41AC7 /* ThirdRowView.swift in Sources */,
				727A47E32C51CEF300D41AC7 /* SecondRowView.swift in Sources */,
				727A47D52C51B88A00D41AC7 /* ContentView.swift in Sources */,
				727A47D32C51B88A00D41AC7 /* CalculateMe_App.swift in Sources */,
				727A47E92C51CF0400D41AC7 /* FifthRowView.swift in Sources */,
			);
			runOnlyForDeploymentPostprocessing = 0;
		};
/* End PBXSourcesBuildPhase section */

/* Begin XCBuildConfiguration section */
		727A47DB2C51B88B00D41AC7 /* Debug */ = {
			isa = XCBuildConfiguration;
			buildSettings = {
				ALWAYS_SEARCH_USER_PATHS = NO;
				ASSETCATALOG_COMPILER_GENERATE_SWIFT_ASSET_SYMBOL_EXTENSIONS = YES;
				CLANG_ANALYZER_NONNULL = YES;
				CLANG_ANALYZER_NUMBER_OBJECT_CONVERSION = YES_AGGRESSIVE;
				CLANG_CXX_LANGUAGE_STANDARD = "gnu++20";
				CLANG_ENABLE_MODULES = YES;
				CLANG_ENABLE_OBJC_ARC = YES;
				CLANG_ENABLE_OBJC_WEAK = YES;
				CLANG_WARN_BLOCK_CAPTURE_AUTORELEASING = YES;
				CLANG_WARN_BOOL_CONVERSION = YES;
				CLANG_WARN_COMMA = YES;
				CLANG_WARN_CONSTANT_CONVERSION = YES;
				CLANG_WARN_DEPRECATED_OBJC_IMPLEMENTATIONS = YES;
				CLANG_WARN_DIRECT_OBJC_ISA_USAGE = YES_ERROR;
				CLANG_WARN_DOCUMENTATION_COMMENTS = YES;
				CLANG_WARN_EMPTY_BODY = YES;
				CLANG_WARN_ENUM_CONVERSION = YES;
				CLANG_WARN_INFINITE_RECURSION = YES;
				CLANG_WARN_INT_CONVERSION = YES;
				CLANG_WARN_NON_LITERAL_NULL_CONVERSION = YES;
				CLANG_WARN_OBJC_IMPLICIT_RETAIN_SELF = YES;
				CLANG_WARN_OBJC_LITERAL_CONVERSION = YES;
				CLANG_WARN_OBJC_ROOT_CLASS = YES_ERROR;
				CLANG_WARN_QUOTED_INCLUDE_IN_FRAMEWORK_HEADER = YES;
				CLANG_WARN_RANGE_LOOP_ANALYSIS = YES;
				CLANG_WARN_STRICT_PROTOTYPES = YES;
				CLANG_WARN_SUSPICIOUS_MOVE = YES;
				CLANG_WARN_UNGUARDED_AVAILABILITY = YES_AGGRESSIVE;
				CLANG_WARN_UNREACHABLE_CODE = YES;
				CLANG_WARN__DUPLICATE_METHOD_MATCH = YES;
				COPY_PHASE_STRIP = NO;
				DEBUG_INFORMATION_FORMAT = dwarf;
				ENABLE_STRICT_OBJC_MSGSEND = YES;
				ENABLE_TESTABILITY = YES;
				ENABLE_USER_SCRIPT_SANDBOXING = YES;
				GCC_C_LANGUAGE_STANDARD = gnu17;
				GCC_DYNAMIC_NO_PIC = NO;
				GCC_NO_COMMON_BLOCKS = YES;
				GCC_OPTIMIZATION_LEVEL = 0;
				GCC_PREPROCESSOR_DEFINITIONS = (
					"DEBUG=1",
					"$(inherited)",
				);
				GCC_WARN_64_TO_32_BIT_CONVERSION = YES;
				GCC_WARN_ABOUT_RETURN_TYPE = YES_ERROR;
				GCC_WARN_UNDECLARED_SELECTOR = YES;
				GCC_WARN_UNINITIALIZED_AUTOS = YES_AGGRESSIVE;
				GCC_WARN_UNUSED_FUNCTION = YES;
				GCC_WARN_UNUSED_VARIABLE = YES;
				IPHONEOS_DEPLOYMENT_TARGET = 17.5;
				LOCALIZATION_PREFERS_STRING_CATALOGS = YES;
				MTL_ENABLE_DEBUG_INFO = INCLUDE_SOURCE;
				MTL_FAST_MATH = YES;
				ONLY_ACTIVE_ARCH = YES;
				SDKROOT = iphoneos;
				SWIFT_ACTIVE_COMPILATION_CONDITIONS = "DEBUG $(inherited)";
				SWIFT_OPTIMIZATION_LEVEL = "-Onone";
			};
			name = Debug;
		};
		727A47DC2C51B88B00D41AC7 /* Release */ = {
			isa = XCBuildConfiguration;
			buildSettings = {
				ALWAYS_SEARCH_USER_PATHS = NO;
				ASSETCATALOG_COMPILER_GENERATE_SWIFT_ASSET_SYMBOL_EXTENSIONS = YES;
				CLANG_ANALYZER_NONNULL = YES;
				CLANG_ANALYZER_NUMBER_OBJECT_CONVERSION = YES_AGGRESSIVE;
				CLANG_CXX_LANGUAGE_STANDARD = "gnu++20";
				CLANG_ENABLE_MODULES = YES;
				CLANG_ENABLE_OBJC_ARC = YES;
				CLANG_ENABLE_OBJC_WEAK = YES;
				CLANG_WARN_BLOCK_CAPTURE_AUTORELEASING = YES;
				CLANG_WARN_BOOL_CONVERSION = YES;
				CLANG_WARN_COMMA = YES;
				CLANG_WARN_CONSTANT_CONVERSION = YES;
				CLANG_WARN_DEPRECATED_OBJC_IMPLEMENTATIONS = YES;
				CLANG_WARN_DIRECT_OBJC_ISA_USAGE = YES_ERROR;
				CLANG_WARN_DOCUMENTATION_COMMENTS = YES;
				CLANG_WARN_EMPTY_BODY = YES;
				CLANG_WARN_ENUM_CONVERSION = YES;
				CLANG_WARN_INFINITE_RECURSION = YES;
				CLANG_WARN_INT_CONVERSION = YES;
				CLANG_WARN_NON_LITERAL_NULL_CONVERSION = YES;
				CLANG_WARN_OBJC_IMPLICIT_RETAIN_SELF = YES;
				CLANG_WARN_OBJC_LITERAL_CONVERSION = YES;
				CLANG_WARN_OBJC_ROOT_CLASS = YES_ERROR;
				CLANG_WARN_QUOTED_INCLUDE_IN_FRAMEWORK_HEADER = YES;
				CLANG_WARN_RANGE_LOOP_ANALYSIS = YES;
				CLANG_WARN_STRICT_PROTOTYPES = YES;
				CLANG_WARN_SUSPICIOUS_MOVE = YES;
				CLANG_WARN_UNGUARDED_AVAILABILITY = YES_AGGRESSIVE;
				CLANG_WARN_UNREACHABLE_CODE = YES;
				CLANG_WARN__DUPLICATE_METHOD_MATCH = YES;
				COPY_PHASE_STRIP = NO;
				DEBUG_INFORMATION_FORMAT = "dwarf-with-dsym";
				ENABLE_NS_ASSERTIONS = NO;
				ENABLE_STRICT_OBJC_MSGSEND = YES;
				ENABLE_USER_SCRIPT_SANDBOXING = YES;
				GCC_C_LANGUAGE_STANDARD = gnu17;
				GCC_NO_COMMON_BLOCKS = YES;
				GCC_WARN_64_TO_32_BIT_CONVERSION = YES;
				GCC_WARN_ABOUT_RETURN_TYPE = YES_ERROR;
				GCC_WARN_UNDECLARED_SELECTOR = YES;
				GCC_WARN_UNINITIALIZED_AUTOS = YES_AGGRESSIVE;
				GCC_WARN_UNUSED_FUNCTION = YES;
				GCC_WARN_UNUSED_VARIABLE = YES;
				IPHONEOS_DEPLOYMENT_TARGET = 17.5;
				LOCALIZATION_PREFERS_STRING_CATALOGS = YES;
				MTL_ENABLE_DEBUG_INFO = NO;
				MTL_FAST_MATH = YES;
				SDKROOT = iphoneos;
				SWIFT_COMPILATION_MODE = wholemodule;
				VALIDATE_PRODUCT = YES;
			};
			name = Release;
		};
		727A47DE2C51B88B00D41AC7 /* Debug */ = {
			isa = XCBuildConfiguration;
			buildSettings = {
				ASSETCATALOG_COMPILER_APPICON_NAME = AppIcon;
				ASSETCATALOG_COMPILER_GLOBAL_ACCENT_COLOR_NAME = AccentColor;
				CODE_SIGN_STYLE = Automatic;
				CURRENT_PROJECT_VERSION = 1;
				DEVELOPMENT_ASSET_PATHS = "\"CalculateMe!/Preview Content\"";
				DEVELOPMENT_TEAM = 52Q4M7N2WD;
				ENABLE_PREVIEWS = YES;
				GENERATE_INFOPLIST_FILE = YES;
				INFOPLIST_KEY_UIApplicationSceneManifest_Generation = YES;
				INFOPLIST_KEY_UIApplicationSupportsIndirectInputEvents = YES;
				INFOPLIST_KEY_UILaunchScreen_Generation = YES;
				INFOPLIST_KEY_UISupportedInterfaceOrientations_iPad = "UIInterfaceOrientationPortrait UIInterfaceOrientationPortraitUpsideDown UIInterfaceOrientationLandscapeLeft UIInterfaceOrientationLandscapeRight";
				INFOPLIST_KEY_UISupportedInterfaceOrientations_iPhone = "UIInterfaceOrientationPortrait UIInterfaceOrientationLandscapeLeft UIInterfaceOrientationLandscapeRight";
				LD_RUNPATH_SEARCH_PATHS = (
					"$(inherited)",
					"@executable_path/Frameworks",
				);
				MARKETING_VERSION = 1.0;
				PRODUCT_BUNDLE_IDENTIFIER = "me.Gutierrez.Elyan.CalculateMe-";
				PRODUCT_NAME = "$(TARGET_NAME)";
				SWIFT_EMIT_LOC_STRINGS = YES;
				SWIFT_VERSION = 5.0;
				TARGETED_DEVICE_FAMILY = "1,2";
			};
			name = Debug;
		};
		727A47DF2C51B88B00D41AC7 /* Release */ = {
			isa = XCBuildConfiguration;
			buildSettings = {
				ASSETCATALOG_COMPILER_APPICON_NAME = AppIcon;
				ASSETCATALOG_COMPILER_GLOBAL_ACCENT_COLOR_NAME = AccentColor;
				CODE_SIGN_STYLE = Automatic;
				CURRENT_PROJECT_VERSION = 1;
				DEVELOPMENT_ASSET_PATHS = "\"CalculateMe!/Preview Content\"";
				DEVELOPMENT_TEAM = 52Q4M7N2WD;
				ENABLE_PREVIEWS = YES;
				GENERATE_INFOPLIST_FILE = YES;
				INFOPLIST_KEY_UIApplicationSceneManifest_Generation = YES;
				INFOPLIST_KEY_UIApplicationSupportsIndirectInputEvents = YES;
				INFOPLIST_KEY_UILaunchScreen_Generation = YES;
				INFOPLIST_KEY_UISupportedInterfaceOrientations_iPad = "UIInterfaceOrientationPortrait UIInterfaceOrientationPortraitUpsideDown UIInterfaceOrientationLandscapeLeft UIInterfaceOrientationLandscapeRight";
				INFOPLIST_KEY_UISupportedInterfaceOrientations_iPhone = "UIInterfaceOrientationPortrait UIInterfaceOrientationLandscapeLeft UIInterfaceOrientationLandscapeRight";
				LD_RUNPATH_SEARCH_PATHS = (
					"$(inherited)",
					"@executable_path/Frameworks",
				);
				MARKETING_VERSION = 1.0;
				PRODUCT_BUNDLE_IDENTIFIER = "me.Gutierrez.Elyan.CalculateMe-";
				PRODUCT_NAME = "$(TARGET_NAME)";
				SWIFT_EMIT_LOC_STRINGS = YES;
				SWIFT_VERSION = 5.0;
				TARGETED_DEVICE_FAMILY = "1,2";
			};
			name = Release;
		};
/* End XCBuildConfiguration section */

/* Begin XCConfigurationList section */
		727A47CA2C51B88A00D41AC7 /* Build configuration list for PBXProject "CalculateMe!" */ = {
			isa = XCConfigurationList;
			buildConfigurations = (
				727A47DB2C51B88B00D41AC7 /* Debug */,
				727A47DC2C51B88B00D41AC7 /* Release */,
			);
			defaultConfigurationIsVisible = 0;
			defaultConfigurationName = Release;
		};
		727A47DD2C51B88B00D41AC7 /* Build configuration list for PBXNativeTarget "CalculateMe!" */ = {
			isa = XCConfigurationList;
			buildConfigurations = (
				727A47DE2C51B88B00D41AC7 /* Debug */,
				727A47DF2C51B88B00D41AC7 /* Release */,
			);
			defaultConfigurationIsVisible = 0;
			defaultConfigurationName = Release;
		};
/* End XCConfigurationList section */
	};
	rootObject = 727A47C72C51B88A00D41AC7 /* Project object */;
}
